
Microsoft Visual Studio Solution File, Format Version 12.00
# Visual Studio 2012
Project("{8BC9CEB8-8B4A-11D0-8D11-00A0C91BC942}") = "version_compare", "version_compare.vcxproj", "{E41B1402-9D2A-450D-9A34-DCA7FEA6D963}"
EndProject
Global
	GlobalSection(SolutionConfigurationPlatforms) = preSolution
		Debug|Win32 = Debug|Win32
		exe|Win32 = exe|Win32
		Release|Win32 = Release|Win32
	EndGlobalSection
	GlobalSection(ProjectConfigurationPlatforms) = postSolution
		{E41B1402-9D2A-450D-9A34-DCA7FEA6D963}.Debug|Win32.ActiveCfg = Debug|Win32
		{E41B1402-9D2A-450D-9A34-DCA7FEA6D963}.Debug|Win32.Build.0 = Debug|Win32
		{E41B1402-9D2A-450D-9A34-DCA7FEA6D963}.exe|Win32.ActiveCfg = exe|Win32
		{E41B1402-9D2A-450D-9A34-DCA7FEA6D963}.exe|Win32.Build.0 = exe|Win32
		{E41B1402-9D2A-450D-9A34-DCA7FEA6D963}.Release|Win32.ActiveCfg = Release|Win32
		{E41B1402-9D2A-450D-9A34-DCA7FEA6D963}.Release|Win32.Build.0 = Release|Win32
	EndGlobalSection
	GlobalSection(SolutionProperties) = preSolution
		HideSolutionNode = FALSE
	EndGlobalSection
EndGlobal
