
Microsoft Visual Studio Solution File, Format Version 12.00
# Visual Studio 15
VisualStudioVersion = 15.0.27703.2026
MinimumVisualStudioVersion = 12.0.21005.1
Project("{8BC9CEB8-8B4A-11D0-8D11-00A0C91BC942}") = "TexasPorker", "TexasPorker.vcxproj", "{4E6A7A0E-DDD8-4BAA-8B22-C964069364ED}"
EndProject
Project("{8BC9CEB8-8B4A-11D0-8D11-00A0C91BC942}") = "version_compare", "..\..\..\version_compare\version_compare.vcxproj", "{E41B1402-9D2A-450D-9A34-DCA7FEA6D963}"
EndProject
Project("{8BC9CEB8-8B4A-11D0-8D11-00A0C91BC942}") = "libcocos2d", "..\..\cocos2d-x\cocos\2d\libcocos2d.vcxproj", "{98A51BA8-FC3A-415B-AC8F-8C7BD464E93E}"
EndProject
Global
	GlobalSection(SolutionConfigurationPlatforms) = preSolution
		Debug|Win32 = Debug|Win32
		exe|Win32 = exe|Win32
		Release|Win32 = Release|Win32
	EndGlobalSection
	GlobalSection(ProjectConfigurationPlatforms) = postSolution
		{4E6A7A0E-DDD8-4BAA-8B22-C964069364ED}.Debug|Win32.ActiveCfg = Debug|Win32
		{4E6A7A0E-DDD8-4BAA-8B22-C964069364ED}.Debug|Win32.Build.0 = Debug|Win32
		{4E6A7A0E-DDD8-4BAA-8B22-C964069364ED}.exe|Win32.ActiveCfg = Release|Win32
		{4E6A7A0E-DDD8-4BAA-8B22-C964069364ED}.exe|Win32.Build.0 = Release|Win32
		{4E6A7A0E-DDD8-4BAA-8B22-C964069364ED}.Release|Win32.ActiveCfg = Release|Win32
		{4E6A7A0E-DDD8-4BAA-8B22-C964069364ED}.Release|Win32.Build.0 = Release|Win32
		{E41B1402-9D2A-450D-9A34-DCA7FEA6D963}.Debug|Win32.ActiveCfg = Debug|Win32
		{E41B1402-9D2A-450D-9A34-DCA7FEA6D963}.Debug|Win32.Build.0 = Debug|Win32
		{E41B1402-9D2A-450D-9A34-DCA7FEA6D963}.exe|Win32.ActiveCfg = exe|Win32
		{E41B1402-9D2A-450D-9A34-DCA7FEA6D963}.exe|Win32.Build.0 = exe|Win32
		{E41B1402-9D2A-450D-9A34-DCA7FEA6D963}.Release|Win32.ActiveCfg = Release|Win32
		{E41B1402-9D2A-450D-9A34-DCA7FEA6D963}.Release|Win32.Build.0 = Release|Win32
		{98A51BA8-FC3A-415B-AC8F-8C7BD464E93E}.Debug|Win32.ActiveCfg = Debug|Win32
		{98A51BA8-FC3A-415B-AC8F-8C7BD464E93E}.Debug|Win32.Build.0 = Debug|Win32
		{98A51BA8-FC3A-415B-AC8F-8C7BD464E93E}.exe|Win32.ActiveCfg = Release|Win32
		{98A51BA8-FC3A-415B-AC8F-8C7BD464E93E}.exe|Win32.Build.0 = Release|Win32
		{98A51BA8-FC3A-415B-AC8F-8C7BD464E93E}.Release|Win32.ActiveCfg = Release|Win32
		{98A51BA8-FC3A-415B-AC8F-8C7BD464E93E}.Release|Win32.Build.0 = Release|Win32
	EndGlobalSection
	GlobalSection(SolutionProperties) = preSolution
		HideSolutionNode = FALSE
	EndGlobalSection
	GlobalSection(ExtensibilityGlobals) = postSolution
		SolutionGuid = {AE2B0DAE-3748-48D5-A757-03EBE9607E58}
	EndGlobalSection
EndGlobal
